
Microsoft Visual Studio Solution File, Format Version 12.00
# Visual Studio Version 17
VisualStudioVersion = 17.5.002.0
MinimumVisualStudioVersion = 10.0.40219.1
Project("{9A19103F-16F7-4668-BE54-9A1E7A4F7556}") = "DatasetApi", "DatasetApi.csproj", "{2273BB79-C66D-44B6-B3E9-92B6E097F984}"
EndProject
Global
	GlobalSection(SolutionConfigurationPlatforms) = preSolution
		Debug|Any CPU = Debug|Any CPU
		Release|Any CPU = Release|Any CPU
	EndGlobalSection
	GlobalSection(ProjectConfigurationPlatforms) = postSolution
		{2273BB79-C66D-44B6-B3E9-92B6E097F984}.Debug|Any CPU.ActiveCfg = Debug|Any CPU
		{2273BB79-C66D-44B6-B3E9-92B6E097F984}.Debug|Any CPU.Build.0 = Debug|Any CPU
		{2273BB79-C66D-44B6-B3E9-92B6E097F984}.Release|Any CPU.ActiveCfg = Release|Any CPU
		{2273BB79-C66D-44B6-B3E9-92B6E097F984}.Release|Any CPU.Build.0 = Release|Any CPU
	EndGlobalSection
	GlobalSection(SolutionProperties) = preSolution
		HideSolutionNode = FALSE
	EndGlobalSection
	GlobalSection(ExtensibilityGlobals) = postSolution
		SolutionGuid = {FE992005-98E4-47FE-B795-799CFE90C03A}
	EndGlobalSection
EndGlobal
